// !$*UTF8*$!
{
	archiveVersion = 1;
	classes = {
	};
	objectVersion = 46;
	objects = {

/* Begin PBXBuildFile section */
		B3A555DF15F8836700246E24 /* UIKit.framework in Frameworks */ = {isa = PBXBuildFile; fileRef = B3A555DE15F8836700246E24 /* UIKit.framework */; };
		B3A555E115F8836700246E24 /* Foundation.framework in Frameworks */ = {isa = PBXBuildFile; fileRef = B3A555E015F8836700246E24 /* Foundation.framework */; };
		B3A555E315F8836700246E24 /* CoreGraphics.framework in Frameworks */ = {isa = PBXBuildFile; fileRef = B3A555E215F8836700246E24 /* CoreGraphics.framework */; };
		B3A555E915F8836700246E24 /* InfoPlist.strings in Resources */ = {isa = PBXBuildFile; fileRef = B3A555E715F8836700246E24 /* InfoPlist.strings */; };
		B3A555EB15F8836700246E24 /* main.m in Sources */ = {isa = PBXBuildFile; fileRef = B3A555EA15F8836700246E24 /* main.m */; };
		B3A555EF15F8836700246E24 /* AppDelegate.m in Sources */ = {isa = PBXBuildFile; fileRef = B3A555EE15F8836700246E24 /* AppDelegate.m */; };
		B3A555F215F8836700246E24 /* MainStoryboard.storyboard in Resources */ = {isa = PBXBuildFile; fileRef = B3A555F015F8836700246E24 /* MainStoryboard.storyboard */; };
		B3A555F515F8836700246E24 /* ViewController.m in Sources */ = {isa = PBXBuildFile; fileRef = B3A555F415F8836700246E24 /* ViewController.m */; };
		B3A555FD15F8838800246E24 /* MainViewController.m in Sources */ = {isa = PBXBuildFile; fileRef = B3A555FC15F8838800246E24 /* MainViewController.m */; };
		B3A5560215F885E300246E24 /* peoples.plist in Resources */ = {isa = PBXBuildFile; fileRef = B3A5560115F885E300246E24 /* peoples.plist */; };
		B3A5560515F88F4A00246E24 /* EditViewController.m in Sources */ = {isa = PBXBuildFile; fileRef = B3A5560415F88F4A00246E24 /* EditViewController.m */; };
		B3A5560815F913BB00246E24 /* People.m in Sources */ = {isa = PBXBuildFile; fileRef = B3A5560715F913BB00246E24 /* People.m */; };
		B3A5560B15F915C200246E24 /* PeopleRepository.m in Sources */ = {isa = PBXBuildFile; fileRef = B3A5560A15F915C200246E24 /* PeopleRepository.m */; };
/* End PBXBuildFile section */

/* Begin PBXFileReference section */
		B3A555DA15F8836700246E24 /* PeopleBookApp.app */ = {isa = PBXFileReference; explicitFileType = wrapper.application; includeInIndex = 0; path = PeopleBookApp.app; sourceTree = BUILT_PRODUCTS_DIR; };
		B3A555DE15F8836700246E24 /* UIKit.framework */ = {isa = PBXFileReference; lastKnownFileType = wrapper.framework; name = UIKit.framework; path = System/Library/Frameworks/UIKit.framework; sourceTree = SDKROOT; };
		B3A555E015F8836700246E24 /* Foundation.framework */ = {isa = PBXFileReference; lastKnownFileType = wrapper.framework; name = Foundation.framework; path = System/Library/Frameworks/Foundation.framework; sourceTree = SDKROOT; };
		B3A555E215F8836700246E24 /* CoreGraphics.framework */ = {isa = PBXFileReference; lastKnownFileType = wrapper.framework; name = CoreGraphics.framework; path = System/Library/Frameworks/CoreGraphics.framework; sourceTree = SDKROOT; };
		B3A555E615F8836700246E24 /* PeopleBookApp-Info.plist */ = {isa = PBXFileReference; lastKnownFileType = text.plist.xml; path = "PeopleBookApp-Info.plist"; sourceTree = "<group>"; };
		B3A555E815F8836700246E24 /* en */ = {isa = PBXFileReference; lastKnownFileType = text.plist.strings; name = en; path = en.lproj/InfoPlist.strings; sourceTree = "<group>"; };
		B3A555EA15F8836700246E24 /* main.m */ = {isa = PBXFileReference; lastKnownFileType = sourcecode.c.objc; path = main.m; sourceTree = "<group>"; };
		B3A555EC15F8836700246E24 /* PeopleBookApp-Prefix.pch */ = {isa = PBXFileReference; lastKnownFileType = sourcecode.c.h; path = "PeopleBookApp-Prefix.pch"; sourceTree = "<group>"; };
		B3A555ED15F8836700246E24 /* AppDelegate.h */ = {isa = PBXFileReference; lastKnownFileType = sourcecode.c.h; path = AppDelegate.h; sourceTree = "<group>"; };
		B3A555EE15F8836700246E24 /* AppDelegate.m */ = {isa = PBXFileReference; lastKnownFileType = sourcecode.c.objc; path = AppDelegate.m; sourceTree = "<group>"; };
		B3A555F115F8836700246E24 /* en */ = {isa = PBXFileReference; lastKnownFileType = file.storyboard; name = en; path = en.lproj/MainStoryboard.storyboard; sourceTree = "<group>"; };
		B3A555F315F8836700246E24 /* ViewController.h */ = {isa = PBXFileReference; lastKnownFileType = sourcecode.c.h; path = ViewController.h; sourceTree = "<group>"; };
		B3A555F415F8836700246E24 /* ViewController.m */ = {isa = PBXFileReference; lastKnownFileType = sourcecode.c.objc; path = ViewController.m; sourceTree = "<group>"; };
		B3A555FB15F8838800246E24 /* MainViewController.h */ = {isa = PBXFileReference; fileEncoding = 4; lastKnownFileType = sourcecode.c.h; path = MainViewController.h; sourceTree = "<group>"; };
		B3A555FC15F8838800246E24 /* MainViewController.m */ = {isa = PBXFileReference; fileEncoding = 4; lastKnownFileType = sourcecode.c.objc; path = MainViewController.m; sourceTree = "<group>"; };
		B3A5560115F885E300246E24 /* peoples.plist */ = {isa = PBXFileReference; fileEncoding = 4; lastKnownFileType = text.plist.xml; path = peoples.plist; sourceTree = "<group>"; };
		B3A5560315F88F4A00246E24 /* EditViewController.h */ = {isa = PBXFileReference; fileEncoding = 4; lastKnownFileType = sourcecode.c.h; path = EditViewController.h; sourceTree = "<group>"; };
		B3A5560415F88F4A00246E24 /* EditViewController.m */ = {isa = PBXFileReference; fileEncoding = 4; lastKnownFileType = sourcecode.c.objc; path = EditViewController.m; sourceTree = "<group>"; };
		B3A5560615F913BB00246E24 /* People.h */ = {isa = PBXFileReference; fileEncoding = 4; lastKnownFileType = sourcecode.c.h; path = People.h; sourceTree = "<group>"; };
		B3A5560715F913BB00246E24 /* People.m */ = {isa = PBXFileReference; fileEncoding = 4; lastKnownFileType = sourcecode.c.objc; path = People.m; sourceTree = "<group>"; };
		B3A5560915F915C100246E24 /* PeopleRepository.h */ = {isa = PBXFileReference; fileEncoding = 4; lastKnownFileType = sourcecode.c.h; path = PeopleRepository.h; sourceTree = "<group>"; };
		B3A5560A15F915C200246E24 /* PeopleRepository.m */ = {isa = PBXFileReference; fileEncoding = 4; lastKnownFileType = sourcecode.c.objc; path = PeopleRepository.m; sourceTree = "<group>"; };
/* End PBXFileReference section */

/* Begin PBXFrameworksBuildPhase section */
		B3A555D715F8836700246E24 /* Frameworks */ = {
			isa = PBXFrameworksBuildPhase;
			buildActionMask = 2147483647;
			files = (
				B3A555DF15F8836700246E24 /* UIKit.framework in Frameworks */,
				B3A555E115F8836700246E24 /* Foundation.framework in Frameworks */,
				B3A555E315F8836700246E24 /* CoreGraphics.framework in Frameworks */,
			);
			runOnlyForDeploymentPostprocessing = 0;
		};
/* End PBXFrameworksBuildPhase section */

/* Begin PBXGroup section */
		B3A555CF15F8836700246E24 = {
			isa = PBXGroup;
			children = (
				B3A555E415F8836700246E24 /* PeopleBookApp */,
				B3A555DD15F8836700246E24 /* Frameworks */,
				B3A555DB15F8836700246E24 /* Products */,
			);
			sourceTree = "<group>";
		};
		B3A555DB15F8836700246E24 /* Products */ = {
			isa = PBXGroup;
			children = (
				B3A555DA15F8836700246E24 /* PeopleBookApp.app */,
			);
			name = Products;
			sourceTree = "<group>";
		};
		B3A555DD15F8836700246E24 /* Frameworks */ = {
			isa = PBXGroup;
			children = (
				B3A555DE15F8836700246E24 /* UIKit.framework */,
				B3A555E015F8836700246E24 /* Foundation.framework */,
				B3A555E215F8836700246E24 /* CoreGraphics.framework */,
			);
			name = Frameworks;
			sourceTree = "<group>";
		};
		B3A555E415F8836700246E24 /* PeopleBookApp */ = {
			isa = PBXGroup;
			children = (
				B3A555ED15F8836700246E24 /* AppDelegate.h */,
				B3A555EE15F8836700246E24 /* AppDelegate.m */,
				B3A555F015F8836700246E24 /* MainStoryboard.storyboard */,
				B3A555F315F8836700246E24 /* ViewController.h */,
				B3A555F415F8836700246E24 /* ViewController.m */,
				B3A555E515F8836700246E24 /* Supporting Files */,
				B3A555FB15F8838800246E24 /* MainViewController.h */,
				B3A555FC15F8838800246E24 /* MainViewController.m */,
				B3A5560115F885E300246E24 /* peoples.plist */,
				B3A5560315F88F4A00246E24 /* EditViewController.h */,
				B3A5560415F88F4A00246E24 /* EditViewController.m */,
				B3A5560615F913BB00246E24 /* People.h */,
				B3A5560715F913BB00246E24 /* People.m */,
				B3A5560915F915C100246E24 /* PeopleRepository.h */,
				B3A5560A15F915C200246E24 /* PeopleRepository.m */,
			);
			path = PeopleBookApp;
			sourceTree = "<group>";
		};
		B3A555E515F8836700246E24 /* Supporting Files */ = {
			isa = PBXGroup;
			children = (
				B3A555E615F8836700246E24 /* PeopleBookApp-Info.plist */,
				B3A555E715F8836700246E24 /* InfoPlist.strings */,
				B3A555EA15F8836700246E24 /* main.m */,
				B3A555EC15F8836700246E24 /* PeopleBookApp-Prefix.pch */,
			);
			name = "Supporting Files";
			sourceTree = "<group>";
		};
/* End PBXGroup section */

/* Begin PBXNativeTarget section */
		B3A555D915F8836700246E24 /* PeopleBookApp */ = {
			isa = PBXNativeTarget;
			buildConfigurationList = B3A555F815F8836700246E24 /* Build configuration list for PBXNativeTarget "PeopleBookApp" */;
			buildPhases = (
				B3A555D615F8836700246E24 /* Sources */,
				B3A555D715F8836700246E24 /* Frameworks */,
				B3A555D815F8836700246E24 /* Resources */,
			);
			buildRules = (
			);
			dependencies = (
			);
			name = PeopleBookApp;
			productName = PeopleBookApp;
			productReference = B3A555DA15F8836700246E24 /* PeopleBookApp.app */;
			productType = "com.apple.product-type.application";
		};
/* End PBXNativeTarget section */

/* Begin PBXProject section */
		B3A555D115F8836700246E24 /* Project object */ = {
			isa = PBXProject;
			attributes = {
				LastUpgradeCheck = 0440;
				ORGANIZATIONNAME = "Cd Chen";
			};
			buildConfigurationList = B3A555D415F8836700246E24 /* Build configuration list for PBXProject "PeopleBookApp" */;
			compatibilityVersion = "Xcode 3.2";
			developmentRegion = English;
			hasScannedForEncodings = 0;
			knownRegions = (
				en,
			);
			mainGroup = B3A555CF15F8836700246E24;
			productRefGroup = B3A555DB15F8836700246E24 /* Products */;
			projectDirPath = "";
			projectRoot = "";
			targets = (
				B3A555D915F8836700246E24 /* PeopleBookApp */,
			);
		};
/* End PBXProject section */

/* Begin PBXResourcesBuildPhase section */
		B3A555D815F8836700246E24 /* Resources */ = {
			isa = PBXResourcesBuildPhase;
			buildActionMask = 2147483647;
			files = (
				B3A555E915F8836700246E24 /* InfoPlist.strings in Resources */,
				B3A555F215F8836700246E24 /* MainStoryboard.storyboard in Resources */,
				B3A5560215F885E300246E24 /* peoples.plist in Resources */,
			);
			runOnlyForDeploymentPostprocessing = 0;
		};
/* End PBXResourcesBuildPhase section */

/* Begin PBXSourcesBuildPhase section */
		B3A555D615F8836700246E24 /* Sources */ = {
			isa = PBXSourcesBuildPhase;
			buildActionMask = 2147483647;
			files = (
				B3A555EB15F8836700246E24 /* main.m in Sources */,
				B3A555EF15F8836700246E24 /* AppDelegate.m in Sources */,
				B3A555F515F8836700246E24 /* ViewController.m in Sources */,
				B3A555FD15F8838800246E24 /* MainViewController.m in Sources */,
				B3A5560515F88F4A00246E24 /* EditViewController.m in Sources */,
				B3A5560815F913BB00246E24 /* People.m in Sources */,
				B3A5560B15F915C200246E24 /* PeopleRepository.m in Sources */,
			);
			runOnlyForDeploymentPostprocessing = 0;
		};
/* End PBXSourcesBuildPhase section */

/* Begin PBXVariantGroup section */
		B3A555E715F8836700246E24 /* InfoPlist.strings */ = {
			isa = PBXVariantGroup;
			children = (
				B3A555E815F8836700246E24 /* en */,
			);
			name = InfoPlist.strings;
			sourceTree = "<group>";
		};
		B3A555F015F8836700246E24 /* MainStoryboard.storyboard */ = {
			isa = PBXVariantGroup;
			children = (
				B3A555F115F8836700246E24 /* en */,
			);
			name = MainStoryboard.storyboard;
			sourceTree = "<group>";
		};
/* End PBXVariantGroup section */

/* Begin XCBuildConfiguration section */
		B3A555F615F8836700246E24 /* Debug */ = {
			isa = XCBuildConfiguration;
			buildSettings = {
				ALWAYS_SEARCH_USER_PATHS = NO;
				ARCHS = "$(ARCHS_STANDARD_32_BIT)";
				CLANG_CXX_LANGUAGE_STANDARD = "gnu++0x";
				CLANG_WARN__DUPLICATE_METHOD_MATCH = YES;
				"CODE_SIGN_IDENTITY[sdk=iphoneos*]" = "iPhone Developer";
				COPY_PHASE_STRIP = NO;
				GCC_C_LANGUAGE_STANDARD = gnu99;
				GCC_DYNAMIC_NO_PIC = NO;
				GCC_OPTIMIZATION_LEVEL = 0;
				GCC_PREPROCESSOR_DEFINITIONS = (
					"DEBUG=1",
					"$(inherited)",
				);
				GCC_SYMBOLS_PRIVATE_EXTERN = NO;
				GCC_VERSION = com.apple.compilers.llvm.clang.1_0;
				GCC_WARN_ABOUT_RETURN_TYPE = YES;
				GCC_WARN_UNINITIALIZED_AUTOS = YES;
				GCC_WARN_UNUSED_VARIABLE = YES;
				IPHONEOS_DEPLOYMENT_TARGET = 5.1;
				SDKROOT = iphoneos;
			};
			name = Debug;
		};
		B3A555F715F8836700246E24 /* Release */ = {
			isa = XCBuildConfiguration;
			buildSettings = {
				ALWAYS_SEARCH_USER_PATHS = NO;
				ARCHS = "$(ARCHS_STANDARD_32_BIT)";
				CLANG_CXX_LANGUAGE_STANDARD = "gnu++0x";
				CLANG_WARN__DUPLICATE_METHOD_MATCH = YES;
				"CODE_SIGN_IDENTITY[sdk=iphoneos*]" = "iPhone Developer";
				COPY_PHASE_STRIP = YES;
				GCC_C_LANGUAGE_STANDARD = gnu99;
				GCC_VERSION = com.apple.compilers.llvm.clang.1_0;
				GCC_WARN_ABOUT_RETURN_TYPE = YES;
				GCC_WARN_UNINITIALIZED_AUTOS = YES;
				GCC_WARN_UNUSED_VARIABLE = YES;
				IPHONEOS_DEPLOYMENT_TARGET = 5.1;
				OTHER_CFLAGS = "-DNS_BLOCK_ASSERTIONS=1";
				SDKROOT = iphoneos;
				VALIDATE_PRODUCT = YES;
			};
			name = Release;
		};
		B3A555F915F8836700246E24 /* Debug */ = {
			isa = XCBuildConfiguration;
			buildSettings = {
				GCC_PRECOMPILE_PREFIX_HEADER = YES;
				GCC_PREFIX_HEADER = "PeopleBookApp/PeopleBookApp-Prefix.pch";
				INFOPLIST_FILE = "PeopleBookApp/PeopleBookApp-Info.plist";
				PRODUCT_NAME = "$(TARGET_NAME)";
				WRAPPER_EXTENSION = app;
			};
			name = Debug;
		};
		B3A555FA15F8836700246E24 /* Release */ = {
			isa = XCBuildConfiguration;
			buildSettings = {
				GCC_PRECOMPILE_PREFIX_HEADER = YES;
				GCC_PREFIX_HEADER = "PeopleBookApp/PeopleBookApp-Prefix.pch";
				INFOPLIST_FILE = "PeopleBookApp/PeopleBookApp-Info.plist";
				PRODUCT_NAME = "$(TARGET_NAME)";
				WRAPPER_EXTENSION = app;
			};
			name = Release;
		};
/* End XCBuildConfiguration section */

/* Begin XCConfigurationList section */
		B3A555D415F8836700246E24 /* Build configuration list for PBXProject "PeopleBookApp" */ = {
			isa = XCConfigurationList;
			buildConfigurations = (
				B3A555F615F8836700246E24 /* Debug */,
				B3A555F715F8836700246E24 /* Release */,
			);
			defaultConfigurationIsVisible = 0;
			defaultConfigurationName = Release;
		};
		B3A555F815F8836700246E24 /* Build configuration list for PBXNativeTarget "PeopleBookApp" */ = {
			isa = XCConfigurationList;
			buildConfigurations = (
				B3A555F915F8836700246E24 /* Debug */,
				B3A555FA15F8836700246E24 /* Release */,
			);
			defaultConfigurationIsVisible = 0;
		};
/* End XCConfigurationList section */
	};
	rootObject = B3A555D115F8836700246E24 /* Project object */;
}
